// !$*UTF8*$!
{
	archiveVersion = 1;
	classes = {
	};
	objectVersion = 46;
	objects = {

/* Begin PBXBuildFile section */
		900883F61F28E44000A98556 /* image0@2x.png in Resources */ = {isa = PBXBuildFile; fileRef = 900883E61F28E44000A98556 /* image0@2x.png */; };
		900883F71F28E44000A98556 /* image1@2x.png in Resources */ = {isa = PBXBuildFile; fileRef = 900883E71F28E44000A98556 /* image1@2x.png */; };
		900883F81F28E44000A98556 /* image2@2x.png in Resources */ = {isa = PBXBuildFile; fileRef = 900883E81F28E44000A98556 /* image2@2x.png */; };
		900883F91F28E44000A98556 /* image3@2x.png in Resources */ = {isa = PBXBuildFile; fileRef = 900883E91F28E44000A98556 /* image3@2x.png */; };
		900883FA1F28E44000A98556 /* image4@2x.png in Resources */ = {isa = PBXBuildFile; fileRef = 900883EA1F28E44000A98556 /* image4@2x.png */; };
		900883FB1F28E44000A98556 /* image5@2x.png in Resources */ = {isa = PBXBuildFile; fileRef = 900883EB1F28E44000A98556 /* image5@2x.png */; };
		900883FC1F28E44000A98556 /* ImageCell.m in Sources */ = {isa = PBXBuildFile; fileRef = 900883ED1F28E44000A98556 /* ImageCell.m */; };
		900883FD1F28E44000A98556 /* ImageDetailViewController.m in Sources */ = {isa = PBXBuildFile; fileRef = 900883EF1F28E44000A98556 /* ImageDetailViewController.m */; };
		900883FE1F28E44000A98556 /* ImageListViewController.m in Sources */ = {isa = PBXBuildFile; fileRef = 900883F11F28E44000A98556 /* ImageListViewController.m */; };
		900884001F28E44000A98556 /* M2ImageNavigationTransition.m in Sources */ = {isa = PBXBuildFile; fileRef = 900883F51F28E44000A98556 /* M2ImageNavigationTransition.m */; };
		900884191F2DD1A900A98556 /* M7PanDownInteractiveTransition.m in Sources */ = {isa = PBXBuildFile; fileRef = 900884181F2DD1A900A98556 /* M7PanDownInteractiveTransition.m */; };
		900884281F2DD1B000A98556 /* DimmingDetailViewController.m in Sources */ = {isa = PBXBuildFile; fileRef = 9008841C1F2DD1B000A98556 /* DimmingDetailViewController.m */; };
		900884291F2DD1B000A98556 /* DimmingListViewController.m in Sources */ = {isa = PBXBuildFile; fileRef = 9008841E1F2DD1B000A98556 /* DimmingListViewController.m */; };
		9008842A1F2DD1B000A98556 /* M7DimmingNavigationTransition.m in Sources */ = {isa = PBXBuildFile; fileRef = 900884201F2DD1B000A98556 /* M7DimmingNavigationTransition.m */; };
		906DFFBE1F2DF5E7003C7775 /* DimmingPresentOverFullScreenDetailViewController.m in Sources */ = {isa = PBXBuildFile; fileRef = 906DFFB71F2DF5E7003C7775 /* DimmingPresentOverFullScreenDetailViewController.m */; };
		906DFFBF1F2DF5E7003C7775 /* DimmingPresentOverFullScreenListViewController.m in Sources */ = {isa = PBXBuildFile; fileRef = 906DFFB91F2DF5E7003C7775 /* DimmingPresentOverFullScreenListViewController.m */; };
		906DFFC01F2DF5E7003C7775 /* M7DimmingPresentOverFullScreenTransition.m in Sources */ = {isa = PBXBuildFile; fileRef = 906DFFBB1F2DF5E7003C7775 /* M7DimmingPresentOverFullScreenTransition.m */; };
		906DFFC51F2DF79E003C7775 /* DimmingPresentListViewController.m in Sources */ = {isa = PBXBuildFile; fileRef = 906DFFC41F2DF79E003C7775 /* DimmingPresentListViewController.m */; };
		906DFFC81F2E1C9A003C7775 /* M7DimmingPresentTransition.m in Sources */ = {isa = PBXBuildFile; fileRef = 906DFFC71F2E1C9A003C7775 /* M7DimmingPresentTransition.m */; };
		906DFFCB1F2E2201003C7775 /* DimmingPresentDetailViewController.m in Sources */ = {isa = PBXBuildFile; fileRef = 906DFFCA1F2E2201003C7775 /* DimmingPresentDetailViewController.m */; };
		906DFFCF1F2E507C003C7775 /* DimmingPresentOverFullScreenScaleListViewController.m in Sources */ = {isa = PBXBuildFile; fileRef = 906DFFCE1F2E507C003C7775 /* DimmingPresentOverFullScreenScaleListViewController.m */; };
		906DFFD21F2E508B003C7775 /* DimmingPresentOverFullScreenScaleDetailViewController.m in Sources */ = {isa = PBXBuildFile; fileRef = 906DFFD11F2E508B003C7775 /* DimmingPresentOverFullScreenScaleDetailViewController.m */; };
		906DFFD51F2E509D003C7775 /* M7DimmingPresentOverFullScreenScaleTransition.m in Sources */ = {isa = PBXBuildFile; fileRef = 906DFFD41F2E509D003C7775 /* M7DimmingPresentOverFullScreenScaleTransition.m */; };
		906DFFD81F2E5CEF003C7775 /* M7ScreenEdgePanInteractiveTransition.m in Sources */ = {isa = PBXBuildFile; fileRef = 906DFFD71F2E5CEF003C7775 /* M7ScreenEdgePanInteractiveTransition.m */; };
		90C0956D1F223F520006FA7D /* main.m in Sources */ = {isa = PBXBuildFile; fileRef = 90C0956C1F223F520006FA7D /* main.m */; };
		90C095701F223F520006FA7D /* AppDelegate.m in Sources */ = {isa = PBXBuildFile; fileRef = 90C0956F1F223F520006FA7D /* AppDelegate.m */; };
		90C095731F223F520006FA7D /* ViewController.m in Sources */ = {isa = PBXBuildFile; fileRef = 90C095721F223F520006FA7D /* ViewController.m */; };
		90C095761F223F520006FA7D /* Main.storyboard in Resources */ = {isa = PBXBuildFile; fileRef = 90C095741F223F520006FA7D /* Main.storyboard */; };
		90C095781F223F520006FA7D /* Assets.xcassets in Resources */ = {isa = PBXBuildFile; fileRef = 90C095771F223F520006FA7D /* Assets.xcassets */; };
		90C0957B1F223F520006FA7D /* LaunchScreen.storyboard in Resources */ = {isa = PBXBuildFile; fileRef = 90C095791F223F520006FA7D /* LaunchScreen.storyboard */; };
		9961F2461F456B1E003D8EFC /* PresentingProblemSolutionAListViewController.m in Sources */ = {isa = PBXBuildFile; fileRef = 9961F2451F456B1E003D8EFC /* PresentingProblemSolutionAListViewController.m */; };
		9961F2491F456B2A003D8EFC /* PresentingProblemSolutionADetailViewController.m in Sources */ = {isa = PBXBuildFile; fileRef = 9961F2481F456B2A003D8EFC /* PresentingProblemSolutionADetailViewController.m */; };
		9961F24F1F4571DD003D8EFC /* PresentingProblemSolutionATransition.m in Sources */ = {isa = PBXBuildFile; fileRef = 9961F24E1F4571DD003D8EFC /* PresentingProblemSolutionATransition.m */; };
		9961F2531F457F44003D8EFC /* PresentationControllerViewController.m in Sources */ = {isa = PBXBuildFile; fileRef = 9961F2521F457F43003D8EFC /* PresentationControllerViewController.m */; };
		9961F2561F457F74003D8EFC /* PresentationControllerDetailViewController.m in Sources */ = {isa = PBXBuildFile; fileRef = 9961F2551F457F74003D8EFC /* PresentationControllerDetailViewController.m */; };
		9961F2591F457FD9003D8EFC /* M7DimmingPresentCustomTransition.m in Sources */ = {isa = PBXBuildFile; fileRef = 9961F2581F457FD9003D8EFC /* M7DimmingPresentCustomTransition.m */; };
		9961F25C1F4581C6003D8EFC /* M7DimmingPresentationController.m in Sources */ = {isa = PBXBuildFile; fileRef = 9961F25B1F4581C6003D8EFC /* M7DimmingPresentationController.m */; };
/* End PBXBuildFile section */

/* Begin PBXFileReference section */
		900883E61F28E44000A98556 /* image0@2x.png */ = {isa = PBXFileReference; lastKnownFileType = image.png; path = "image0@2x.png"; sourceTree = "<group>"; };
		900883E71F28E44000A98556 /* image1@2x.png */ = {isa = PBXFileReference; lastKnownFileType = image.png; path = "image1@2x.png"; sourceTree = "<group>"; };
		900883E81F28E44000A98556 /* image2@2x.png */ = {isa = PBXFileReference; lastKnownFileType = image.png; path = "image2@2x.png"; sourceTree = "<group>"; };
		900883E91F28E44000A98556 /* image3@2x.png */ = {isa = PBXFileReference; lastKnownFileType = image.png; path = "image3@2x.png"; sourceTree = "<group>"; };
		900883EA1F28E44000A98556 /* image4@2x.png */ = {isa = PBXFileReference; lastKnownFileType = image.png; path = "image4@2x.png"; sourceTree = "<group>"; };
		900883EB1F28E44000A98556 /* image5@2x.png */ = {isa = PBXFileReference; lastKnownFileType = image.png; path = "image5@2x.png"; sourceTree = "<group>"; };
		900883EC1F28E44000A98556 /* ImageCell.h */ = {isa = PBXFileReference; fileEncoding = 4; lastKnownFileType = sourcecode.c.h; path = ImageCell.h; sourceTree = "<group>"; };
		900883ED1F28E44000A98556 /* ImageCell.m */ = {isa = PBXFileReference; fileEncoding = 4; lastKnownFileType = sourcecode.c.objc; path = ImageCell.m; sourceTree = "<group>"; };
		900883EE1F28E44000A98556 /* ImageDetailViewController.h */ = {isa = PBXFileReference; fileEncoding = 4; lastKnownFileType = sourcecode.c.h; path = ImageDetailViewController.h; sourceTree = "<group>"; };
		900883EF1F28E44000A98556 /* ImageDetailViewController.m */ = {isa = PBXFileReference; fileEncoding = 4; lastKnownFileType = sourcecode.c.objc; path = ImageDetailViewController.m; sourceTree = "<group>"; };
		900883F01F28E44000A98556 /* ImageListViewController.h */ = {isa = PBXFileReference; fileEncoding = 4; lastKnownFileType = sourcecode.c.h; path = ImageListViewController.h; sourceTree = "<group>"; };
		900883F11F28E44000A98556 /* ImageListViewController.m */ = {isa = PBXFileReference; fileEncoding = 4; lastKnownFileType = sourcecode.c.objc; path = ImageListViewController.m; sourceTree = "<group>"; };
		900883F41F28E44000A98556 /* M2ImageNavigationTransition.h */ = {isa = PBXFileReference; fileEncoding = 4; lastKnownFileType = sourcecode.c.h; path = M2ImageNavigationTransition.h; sourceTree = "<group>"; };
		900883F51F28E44000A98556 /* M2ImageNavigationTransition.m */ = {isa = PBXFileReference; fileEncoding = 4; lastKnownFileType = sourcecode.c.objc; path = M2ImageNavigationTransition.m; sourceTree = "<group>"; };
		900884171F2DD1A900A98556 /* M7PanDownInteractiveTransition.h */ = {isa = PBXFileReference; fileEncoding = 4; lastKnownFileType = sourcecode.c.h; path = M7PanDownInteractiveTransition.h; sourceTree = "<group>"; };
		900884181F2DD1A900A98556 /* M7PanDownInteractiveTransition.m */ = {isa = PBXFileReference; fileEncoding = 4; lastKnownFileType = sourcecode.c.objc; path = M7PanDownInteractiveTransition.m; sourceTree = "<group>"; };
		9008841B1F2DD1B000A98556 /* DimmingDetailViewController.h */ = {isa = PBXFileReference; fileEncoding = 4; lastKnownFileType = sourcecode.c.h; path = DimmingDetailViewController.h; sourceTree = "<group>"; };
		9008841C1F2DD1B000A98556 /* DimmingDetailViewController.m */ = {isa = PBXFileReference; fileEncoding = 4; lastKnownFileType = sourcecode.c.objc; path = DimmingDetailViewController.m; sourceTree = "<group>"; };
		9008841D1F2DD1B000A98556 /* DimmingListViewController.h */ = {isa = PBXFileReference; fileEncoding = 4; lastKnownFileType = sourcecode.c.h; path = DimmingListViewController.h; sourceTree = "<group>"; };
		9008841E1F2DD1B000A98556 /* DimmingListViewController.m */ = {isa = PBXFileReference; fileEncoding = 4; lastKnownFileType = sourcecode.c.objc; path = DimmingListViewController.m; sourceTree = "<group>"; };
		9008841F1F2DD1B000A98556 /* M7DimmingNavigationTransition.h */ = {isa = PBXFileReference; fileEncoding = 4; lastKnownFileType = sourcecode.c.h; path = M7DimmingNavigationTransition.h; sourceTree = "<group>"; };
		900884201F2DD1B000A98556 /* M7DimmingNavigationTransition.m */ = {isa = PBXFileReference; fileEncoding = 4; lastKnownFileType = sourcecode.c.objc; path = M7DimmingNavigationTransition.m; sourceTree = "<group>"; };
		906DFFB61F2DF5E7003C7775 /* DimmingPresentOverFullScreenDetailViewController.h */ = {isa = PBXFileReference; fileEncoding = 4; lastKnownFileType = sourcecode.c.h; path = DimmingPresentOverFullScreenDetailViewController.h; sourceTree = "<group>"; };
		906DFFB71F2DF5E7003C7775 /* DimmingPresentOverFullScreenDetailViewController.m */ = {isa = PBXFileReference; fileEncoding = 4; lastKnownFileType = sourcecode.c.objc; path = DimmingPresentOverFullScreenDetailViewController.m; sourceTree = "<group>"; };
		906DFFB81F2DF5E7003C7775 /* DimmingPresentOverFullScreenListViewController.h */ = {isa = PBXFileReference; fileEncoding = 4; lastKnownFileType = sourcecode.c.h; path = DimmingPresentOverFullScreenListViewController.h; sourceTree = "<group>"; };
		906DFFB91F2DF5E7003C7775 /* DimmingPresentOverFullScreenListViewController.m */ = {isa = PBXFileReference; fileEncoding = 4; lastKnownFileType = sourcecode.c.objc; path = DimmingPresentOverFullScreenListViewController.m; sourceTree = "<group>"; };
		906DFFBA1F2DF5E7003C7775 /* M7DimmingPresentOverFullScreenTransition.h */ = {isa = PBXFileReference; fileEncoding = 4; lastKnownFileType = sourcecode.c.h; path = M7DimmingPresentOverFullScreenTransition.h; sourceTree = "<group>"; };
		906DFFBB1F2DF5E7003C7775 /* M7DimmingPresentOverFullScreenTransition.m */ = {isa = PBXFileReference; fileEncoding = 4; lastKnownFileType = sourcecode.c.objc; path = M7DimmingPresentOverFullScreenTransition.m; sourceTree = "<group>"; };
		906DFFC31F2DF79E003C7775 /* DimmingPresentListViewController.h */ = {isa = PBXFileReference; fileEncoding = 4; lastKnownFileType = sourcecode.c.h; path = DimmingPresentListViewController.h; sourceTree = "<group>"; };
		906DFFC41F2DF79E003C7775 /* DimmingPresentListViewController.m */ = {isa = PBXFileReference; fileEncoding = 4; lastKnownFileType = sourcecode.c.objc; path = DimmingPresentListViewController.m; sourceTree = "<group>"; };
		906DFFC61F2E1C9A003C7775 /* M7DimmingPresentTransition.h */ = {isa = PBXFileReference; fileEncoding = 4; lastKnownFileType = sourcecode.c.h; path = M7DimmingPresentTransition.h; sourceTree = "<group>"; };
		906DFFC71F2E1C9A003C7775 /* M7DimmingPresentTransition.m */ = {isa = PBXFileReference; fileEncoding = 4; lastKnownFileType = sourcecode.c.objc; path = M7DimmingPresentTransition.m; sourceTree = "<group>"; };
		906DFFC91F2E2201003C7775 /* DimmingPresentDetailViewController.h */ = {isa = PBXFileReference; fileEncoding = 4; lastKnownFileType = sourcecode.c.h; path = DimmingPresentDetailViewController.h; sourceTree = "<group>"; };
		906DFFCA1F2E2201003C7775 /* DimmingPresentDetailViewController.m */ = {isa = PBXFileReference; fileEncoding = 4; lastKnownFileType = sourcecode.c.objc; path = DimmingPresentDetailViewController.m; sourceTree = "<group>"; };
		906DFFCD1F2E507C003C7775 /* DimmingPresentOverFullScreenScaleListViewController.h */ = {isa = PBXFileReference; fileEncoding = 4; lastKnownFileType = sourcecode.c.h; path = DimmingPresentOverFullScreenScaleListViewController.h; sourceTree = "<group>"; };
		906DFFCE1F2E507C003C7775 /* DimmingPresentOverFullScreenScaleListViewController.m */ = {isa = PBXFileReference; fileEncoding = 4; lastKnownFileType = sourcecode.c.objc; path = DimmingPresentOverFullScreenScaleListViewController.m; sourceTree = "<group>"; };
		906DFFD01F2E508B003C7775 /* DimmingPresentOverFullScreenScaleDetailViewController.h */ = {isa = PBXFileReference; fileEncoding = 4; lastKnownFileType = sourcecode.c.h; path = DimmingPresentOverFullScreenScaleDetailViewController.h; sourceTree = "<group>"; };
		906DFFD11F2E508B003C7775 /* DimmingPresentOverFullScreenScaleDetailViewController.m */ = {isa = PBXFileReference; fileEncoding = 4; lastKnownFileType = sourcecode.c.objc; path = DimmingPresentOverFullScreenScaleDetailViewController.m; sourceTree = "<group>"; };
		906DFFD31F2E509D003C7775 /* M7DimmingPresentOverFullScreenScaleTransition.h */ = {isa = PBXFileReference; fileEncoding = 4; lastKnownFileType = sourcecode.c.h; path = M7DimmingPresentOverFullScreenScaleTransition.h; sourceTree = "<group>"; };
		906DFFD41F2E509D003C7775 /* M7DimmingPresentOverFullScreenScaleTransition.m */ = {isa = PBXFileReference; fileEncoding = 4; lastKnownFileType = sourcecode.c.objc; path = M7DimmingPresentOverFullScreenScaleTransition.m; sourceTree = "<group>"; };
		906DFFD61F2E5CEF003C7775 /* M7ScreenEdgePanInteractiveTransition.h */ = {isa = PBXFileReference; fileEncoding = 4; lastKnownFileType = sourcecode.c.h; path = M7ScreenEdgePanInteractiveTransition.h; sourceTree = "<group>"; };
		906DFFD71F2E5CEF003C7775 /* M7ScreenEdgePanInteractiveTransition.m */ = {isa = PBXFileReference; fileEncoding = 4; lastKnownFileType = sourcecode.c.objc; path = M7ScreenEdgePanInteractiveTransition.m; sourceTree = "<group>"; };
		90C095681F223F520006FA7D /* MHelloTransition.app */ = {isa = PBXFileReference; explicitFileType = wrapper.application; includeInIndex = 0; path = MHelloTransition.app; sourceTree = BUILT_PRODUCTS_DIR; };
		90C0956C1F223F520006FA7D /* main.m */ = {isa = PBXFileReference; lastKnownFileType = sourcecode.c.objc; path = main.m; sourceTree = "<group>"; };
		90C0956E1F223F520006FA7D /* AppDelegate.h */ = {isa = PBXFileReference; lastKnownFileType = sourcecode.c.h; path = AppDelegate.h; sourceTree = "<group>"; };
		90C0956F1F223F520006FA7D /* AppDelegate.m */ = {isa = PBXFileReference; lastKnownFileType = sourcecode.c.objc; path = AppDelegate.m; sourceTree = "<group>"; };
		90C095711F223F520006FA7D /* ViewController.h */ = {isa = PBXFileReference; lastKnownFileType = sourcecode.c.h; path = ViewController.h; sourceTree = "<group>"; };
		90C095721F223F520006FA7D /* ViewController.m */ = {isa = PBXFileReference; lastKnownFileType = sourcecode.c.objc; path = ViewController.m; sourceTree = "<group>"; };
		90C095751F223F520006FA7D /* Base */ = {isa = PBXFileReference; lastKnownFileType = file.storyboard; name = Base; path = Base.lproj/Main.storyboard; sourceTree = "<group>"; };
		90C095771F223F520006FA7D /* Assets.xcassets */ = {isa = PBXFileReference; lastKnownFileType = folder.assetcatalog; path = Assets.xcassets; sourceTree = "<group>"; };
		90C0957A1F223F520006FA7D /* Base */ = {isa = PBXFileReference; lastKnownFileType = file.storyboard; name = Base; path = Base.lproj/LaunchScreen.storyboard; sourceTree = "<group>"; };
		90C0957C1F223F520006FA7D /* Info.plist */ = {isa = PBXFileReference; lastKnownFileType = text.plist.xml; path = Info.plist; sourceTree = "<group>"; };
		9961F2441F456B1E003D8EFC /* PresentingProblemSolutionAListViewController.h */ = {isa = PBXFileReference; fileEncoding = 4; lastKnownFileType = sourcecode.c.h; path = PresentingProblemSolutionAListViewController.h; sourceTree = "<group>"; };
		9961F2451F456B1E003D8EFC /* PresentingProblemSolutionAListViewController.m */ = {isa = PBXFileReference; fileEncoding = 4; lastKnownFileType = sourcecode.c.objc; path = PresentingProblemSolutionAListViewController.m; sourceTree = "<group>"; };
		9961F2471F456B2A003D8EFC /* PresentingProblemSolutionADetailViewController.h */ = {isa = PBXFileReference; fileEncoding = 4; lastKnownFileType = sourcecode.c.h; path = PresentingProblemSolutionADetailViewController.h; sourceTree = "<group>"; };
		9961F2481F456B2A003D8EFC /* PresentingProblemSolutionADetailViewController.m */ = {isa = PBXFileReference; fileEncoding = 4; lastKnownFileType = sourcecode.c.objc; path = PresentingProblemSolutionADetailViewController.m; sourceTree = "<group>"; };
		9961F24D1F4571DD003D8EFC /* PresentingProblemSolutionATransition.h */ = {isa = PBXFileReference; fileEncoding = 4; lastKnownFileType = sourcecode.c.h; path = PresentingProblemSolutionATransition.h; sourceTree = "<group>"; };
		9961F24E1F4571DD003D8EFC /* PresentingProblemSolutionATransition.m */ = {isa = PBXFileReference; fileEncoding = 4; lastKnownFileType = sourcecode.c.objc; path = PresentingProblemSolutionATransition.m; sourceTree = "<group>"; };
		9961F2511F457F43003D8EFC /* PresentationControllerViewController.h */ = {isa = PBXFileReference; fileEncoding = 4; lastKnownFileType = sourcecode.c.h; path = PresentationControllerViewController.h; sourceTree = "<group>"; };
		9961F2521F457F43003D8EFC /* PresentationControllerViewController.m */ = {isa = PBXFileReference; fileEncoding = 4; lastKnownFileType = sourcecode.c.objc; path = PresentationControllerViewController.m; sourceTree = "<group>"; };
		9961F2541F457F74003D8EFC /* PresentationControllerDetailViewController.h */ = {isa = PBXFileReference; fileEncoding = 4; lastKnownFileType = sourcecode.c.h; path = PresentationControllerDetailViewController.h; sourceTree = "<group>"; };
		9961F2551F457F74003D8EFC /* PresentationControllerDetailViewController.m */ = {isa = PBXFileReference; fileEncoding = 4; lastKnownFileType = sourcecode.c.objc; path = PresentationControllerDetailViewController.m; sourceTree = "<group>"; };
		9961F2571F457FD9003D8EFC /* M7DimmingPresentCustomTransition.h */ = {isa = PBXFileReference; fileEncoding = 4; lastKnownFileType = sourcecode.c.h; path = M7DimmingPresentCustomTransition.h; sourceTree = "<group>"; };
		9961F2581F457FD9003D8EFC /* M7DimmingPresentCustomTransition.m */ = {isa = PBXFileReference; fileEncoding = 4; lastKnownFileType = sourcecode.c.objc; path = M7DimmingPresentCustomTransition.m; sourceTree = "<group>"; };
		9961F25A1F4581C6003D8EFC /* M7DimmingPresentationController.h */ = {isa = PBXFileReference; fileEncoding = 4; lastKnownFileType = sourcecode.c.h; path = M7DimmingPresentationController.h; sourceTree = "<group>"; };
		9961F25B1F4581C6003D8EFC /* M7DimmingPresentationController.m */ = {isa = PBXFileReference; fileEncoding = 4; lastKnownFileType = sourcecode.c.objc; path = M7DimmingPresentationController.m; sourceTree = "<group>"; };
/* End PBXFileReference section */

/* Begin PBXFrameworksBuildPhase section */
		90C095651F223F520006FA7D /* Frameworks */ = {
			isa = PBXFrameworksBuildPhase;
			buildActionMask = 2147483647;
			files = (
			);
			runOnlyForDeploymentPostprocessing = 0;
		};
/* End PBXFrameworksBuildPhase section */

/* Begin PBXGroup section */
		900883E41F28E44000A98556 /* ImageNaviTransition */ = {
			isa = PBXGroup;
			children = (
				900883E51F28E44000A98556 /* Image */,
				900883F01F28E44000A98556 /* ImageListViewController.h */,
				900883F11F28E44000A98556 /* ImageListViewController.m */,
				900883EC1F28E44000A98556 /* ImageCell.h */,
				900883ED1F28E44000A98556 /* ImageCell.m */,
				900883EE1F28E44000A98556 /* ImageDetailViewController.h */,
				900883EF1F28E44000A98556 /* ImageDetailViewController.m */,
				900883F41F28E44000A98556 /* M2ImageNavigationTransition.h */,
				900883F51F28E44000A98556 /* M2ImageNavigationTransition.m */,
			);
			name = ImageNaviTransition;
			path = Sources/ImageNaviTransition;
			sourceTree = "<group>";
		};
		900883E51F28E44000A98556 /* Image */ = {
			isa = PBXGroup;
			children = (
				900883E61F28E44000A98556 /* image0@2x.png */,
				900883E71F28E44000A98556 /* image1@2x.png */,
				900883E81F28E44000A98556 /* image2@2x.png */,
				900883E91F28E44000A98556 /* image3@2x.png */,
				900883EA1F28E44000A98556 /* image4@2x.png */,
				900883EB1F28E44000A98556 /* image5@2x.png */,
			);
			path = Image;
			sourceTree = "<group>";
		};
		900884161F2DD1A900A98556 /* M2 */ = {
			isa = PBXGroup;
			children = (
				900884171F2DD1A900A98556 /* M7PanDownInteractiveTransition.h */,
				900884181F2DD1A900A98556 /* M7PanDownInteractiveTransition.m */,
				906DFFD61F2E5CEF003C7775 /* M7ScreenEdgePanInteractiveTransition.h */,
				906DFFD71F2E5CEF003C7775 /* M7ScreenEdgePanInteractiveTransition.m */,
			);
			name = M2;
			path = Sources/M2;
			sourceTree = "<group>";
		};
		9008841A1F2DD1B000A98556 /* DimmingNaviTransition */ = {
			isa = PBXGroup;
			children = (
				9008841D1F2DD1B000A98556 /* DimmingListViewController.h */,
				9008841E1F2DD1B000A98556 /* DimmingListViewController.m */,
				9008841B1F2DD1B000A98556 /* DimmingDetailViewController.h */,
				9008841C1F2DD1B000A98556 /* DimmingDetailViewController.m */,
				9008841F1F2DD1B000A98556 /* M7DimmingNavigationTransition.h */,
				900884201F2DD1B000A98556 /* M7DimmingNavigationTransition.m */,
			);
			name = DimmingNaviTransition;
			path = Sources/DimmingNaviTransition;
			sourceTree = "<group>";
		};
		906DFFB51F2DF5E7003C7775 /* DimmingPresentOverFullScreenTransition */ = {
			isa = PBXGroup;
			children = (
				906DFFB81F2DF5E7003C7775 /* DimmingPresentOverFullScreenListViewController.h */,
				906DFFB91F2DF5E7003C7775 /* DimmingPresentOverFullScreenListViewController.m */,
				906DFFB61F2DF5E7003C7775 /* DimmingPresentOverFullScreenDetailViewController.h */,
				906DFFB71F2DF5E7003C7775 /* DimmingPresentOverFullScreenDetailViewController.m */,
				906DFFBA1F2DF5E7003C7775 /* M7DimmingPresentOverFullScreenTransition.h */,
				906DFFBB1F2DF5E7003C7775 /* M7DimmingPresentOverFullScreenTransition.m */,
			);
			name = DimmingPresentOverFullScreenTransition;
			path = Sources/DimmingPresentOverFullScreenTransition;
			sourceTree = "<group>";
		};
		906DFFC21F2DF786003C7775 /* DimmingPresentTransition */ = {
			isa = PBXGroup;
			children = (
				906DFFC31F2DF79E003C7775 /* DimmingPresentListViewController.h */,
				906DFFC41F2DF79E003C7775 /* DimmingPresentListViewController.m */,
				906DFFC91F2E2201003C7775 /* DimmingPresentDetailViewController.h */,
				906DFFCA1F2E2201003C7775 /* DimmingPresentDetailViewController.m */,
				906DFFC61F2E1C9A003C7775 /* M7DimmingPresentTransition.h */,
				906DFFC71F2E1C9A003C7775 /* M7DimmingPresentTransition.m */,
			);
			name = DimmingPresentTransition;
			path = Sources/DimmingPresentTransition;
			sourceTree = "<group>";
		};
		906DFFCC1F2E5060003C7775 /* DimmingPresentOverFullScreenScaleTransition */ = {
			isa = PBXGroup;
			children = (
				906DFFCD1F2E507C003C7775 /* DimmingPresentOverFullScreenScaleListViewController.h */,
				906DFFCE1F2E507C003C7775 /* DimmingPresentOverFullScreenScaleListViewController.m */,
				906DFFD01F2E508B003C7775 /* DimmingPresentOverFullScreenScaleDetailViewController.h */,
				906DFFD11F2E508B003C7775 /* DimmingPresentOverFullScreenScaleDetailViewController.m */,
				906DFFD31F2E509D003C7775 /* M7DimmingPresentOverFullScreenScaleTransition.h */,
				906DFFD41F2E509D003C7775 /* M7DimmingPresentOverFullScreenScaleTransition.m */,
			);
			name = DimmingPresentOverFullScreenScaleTransition;
			path = Sources/DimmingPresentOverFullScreenScaleTransition;
			sourceTree = "<group>";
		};
		90C0955F1F223F520006FA7D = {
			isa = PBXGroup;
			children = (
				90C0956A1F223F520006FA7D /* MHelloTransition */,
				90C095691F223F520006FA7D /* Products */,
			);
			sourceTree = "<group>";
		};
		90C095691F223F520006FA7D /* Products */ = {
			isa = PBXGroup;
			children = (
				90C095681F223F520006FA7D /* MHelloTransition.app */,
			);
			name = Products;
			sourceTree = "<group>";
		};
		90C0956A1F223F520006FA7D /* MHelloTransition */ = {
			isa = PBXGroup;
			children = (
				90C0956E1F223F520006FA7D /* AppDelegate.h */,
				90C0956F1F223F520006FA7D /* AppDelegate.m */,
				90C095711F223F520006FA7D /* ViewController.h */,
				90C095721F223F520006FA7D /* ViewController.m */,
				90C095741F223F520006FA7D /* Main.storyboard */,
				900884161F2DD1A900A98556 /* M2 */,
				900883E41F28E44000A98556 /* ImageNaviTransition */,
				9008841A1F2DD1B000A98556 /* DimmingNaviTransition */,
				906DFFC21F2DF786003C7775 /* DimmingPresentTransition */,
				906DFFB51F2DF5E7003C7775 /* DimmingPresentOverFullScreenTransition */,
				9961F2501F457F29003D8EFC /* PresentationController */,
				906DFFCC1F2E5060003C7775 /* DimmingPresentOverFullScreenScaleTransition */,
				9961F2431F456AEA003D8EFC /* PresentingProblemSolutionA */,
				90C095771F223F520006FA7D /* Assets.xcassets */,
				90C095791F223F520006FA7D /* LaunchScreen.storyboard */,
				90C0957C1F223F520006FA7D /* Info.plist */,
				90C0956B1F223F520006FA7D /* Supporting Files */,
			);
			path = MHelloTransition;
			sourceTree = "<group>";
		};
		90C0956B1F223F520006FA7D /* Supporting Files */ = {
			isa = PBXGroup;
			children = (
				90C0956C1F223F520006FA7D /* main.m */,
			);
			name = "Supporting Files";
			sourceTree = "<group>";
		};
		9961F2431F456AEA003D8EFC /* PresentingProblemSolutionA */ = {
			isa = PBXGroup;
			children = (
				9961F2441F456B1E003D8EFC /* PresentingProblemSolutionAListViewController.h */,
				9961F2451F456B1E003D8EFC /* PresentingProblemSolutionAListViewController.m */,
				9961F2471F456B2A003D8EFC /* PresentingProblemSolutionADetailViewController.h */,
				9961F2481F456B2A003D8EFC /* PresentingProblemSolutionADetailViewController.m */,
				9961F24D1F4571DD003D8EFC /* PresentingProblemSolutionATransition.h */,
				9961F24E1F4571DD003D8EFC /* PresentingProblemSolutionATransition.m */,
			);
			name = PresentingProblemSolutionA;
			path = Sources/PresentingProblemSolutionA;
			sourceTree = "<group>";
		};
		9961F2501F457F29003D8EFC /* PresentationController */ = {
			isa = PBXGroup;
			children = (
				9961F2511F457F43003D8EFC /* PresentationControllerViewController.h */,
				9961F2521F457F43003D8EFC /* PresentationControllerViewController.m */,
				9961F2541F457F74003D8EFC /* PresentationControllerDetailViewController.h */,
				9961F2551F457F74003D8EFC /* PresentationControllerDetailViewController.m */,
				9961F2571F457FD9003D8EFC /* M7DimmingPresentCustomTransition.h */,
				9961F2581F457FD9003D8EFC /* M7DimmingPresentCustomTransition.m */,
				9961F25A1F4581C6003D8EFC /* M7DimmingPresentationController.h */,
				9961F25B1F4581C6003D8EFC /* M7DimmingPresentationController.m */,
			);
			name = PresentationController;
			path = Sources/PresentationController;
			sourceTree = "<group>";
		};
/* End PBXGroup section */

/* Begin PBXNativeTarget section */
		90C095671F223F520006FA7D /* MHelloTransition */ = {
			isa = PBXNativeTarget;
			buildConfigurationList = 90C0957F1F223F520006FA7D /* Build configuration list for PBXNativeTarget "MHelloTransition" */;
			buildPhases = (
				90C095641F223F520006FA7D /* Sources */,
				90C095651F223F520006FA7D /* Frameworks */,
				90C095661F223F520006FA7D /* Resources */,
			);
			buildRules = (
			);
			dependencies = (
			);
			name = MHelloTransition;
			productName = MHelloTransition;
			productReference = 90C095681F223F520006FA7D /* MHelloTransition.app */;
			productType = "com.apple.product-type.application";
		};
/* End PBXNativeTarget section */

/* Begin PBXProject section */
		90C095601F223F520006FA7D /* Project object */ = {
			isa = PBXProject;
			attributes = {
				LastUpgradeCheck = 0800;
				ORGANIZATIONNAME = chenms.m2;
				TargetAttributes = {
					90C095671F223F520006FA7D = {
						CreatedOnToolsVersion = 8.0;
						DevelopmentTeam = LD9JLNUXTG;
						ProvisioningStyle = Automatic;
					};
				};
			};
			buildConfigurationList = 90C095631F223F520006FA7D /* Build configuration list for PBXProject "MHelloTransition" */;
			compatibilityVersion = "Xcode 3.2";
			developmentRegion = English;
			hasScannedForEncodings = 0;
			knownRegions = (
				English,
				en,
				Base,
			);
			mainGroup = 90C0955F1F223F520006FA7D;
			productRefGroup = 90C095691F223F520006FA7D /* Products */;
			projectDirPath = "";
			projectRoot = "";
			targets = (
				90C095671F223F520006FA7D /* MHelloTransition */,
			);
		};
/* End PBXProject section */

/* Begin PBXResourcesBuildPhase section */
		90C095661F223F520006FA7D /* Resources */ = {
			isa = PBXResourcesBuildPhase;
			buildActionMask = 2147483647;
			files = (
				90C0957B1F223F520006FA7D /* LaunchScreen.storyboard in Resources */,
				900883FA1F28E44000A98556 /* image4@2x.png in Resources */,
				900883F81F28E44000A98556 /* image2@2x.png in Resources */,
				900883F61F28E44000A98556 /* image0@2x.png in Resources */,
				90C095781F223F520006FA7D /* Assets.xcassets in Resources */,
				900883F91F28E44000A98556 /* image3@2x.png in Resources */,
				900883F71F28E44000A98556 /* image1@2x.png in Resources */,
				90C095761F223F520006FA7D /* Main.storyboard in Resources */,
				900883FB1F28E44000A98556 /* image5@2x.png in Resources */,
			);
			runOnlyForDeploymentPostprocessing = 0;
		};
/* End PBXResourcesBuildPhase section */

/* Begin PBXSourcesBuildPhase section */
		90C095641F223F520006FA7D /* Sources */ = {
			isa = PBXSourcesBuildPhase;
			buildActionMask = 2147483647;
			files = (
				906DFFD21F2E508B003C7775 /* DimmingPresentOverFullScreenScaleDetailViewController.m in Sources */,
				906DFFCF1F2E507C003C7775 /* DimmingPresentOverFullScreenScaleListViewController.m in Sources */,
				9961F24F1F4571DD003D8EFC /* PresentingProblemSolutionATransition.m in Sources */,
				906DFFC51F2DF79E003C7775 /* DimmingPresentListViewController.m in Sources */,
				906DFFCB1F2E2201003C7775 /* DimmingPresentDetailViewController.m in Sources */,
				9961F2491F456B2A003D8EFC /* PresentingProblemSolutionADetailViewController.m in Sources */,
				900883FE1F28E44000A98556 /* ImageListViewController.m in Sources */,
				90C095731F223F520006FA7D /* ViewController.m in Sources */,
				906DFFD51F2E509D003C7775 /* M7DimmingPresentOverFullScreenScaleTransition.m in Sources */,
				900883FD1F28E44000A98556 /* ImageDetailViewController.m in Sources */,
				906DFFD81F2E5CEF003C7775 /* M7ScreenEdgePanInteractiveTransition.m in Sources */,
				906DFFBF1F2DF5E7003C7775 /* DimmingPresentOverFullScreenListViewController.m in Sources */,
				900883FC1F28E44000A98556 /* ImageCell.m in Sources */,
				906DFFC01F2DF5E7003C7775 /* M7DimmingPresentOverFullScreenTransition.m in Sources */,
				9961F2461F456B1E003D8EFC /* PresentingProblemSolutionAListViewController.m in Sources */,
				90C095701F223F520006FA7D /* AppDelegate.m in Sources */,
				900884001F28E44000A98556 /* M2ImageNavigationTransition.m in Sources */,
				9008842A1F2DD1B000A98556 /* M7DimmingNavigationTransition.m in Sources */,
				9961F2591F457FD9003D8EFC /* M7DimmingPresentCustomTransition.m in Sources */,
				900884191F2DD1A900A98556 /* M7PanDownInteractiveTransition.m in Sources */,
				900884281F2DD1B000A98556 /* DimmingDetailViewController.m in Sources */,
				906DFFC81F2E1C9A003C7775 /* M7DimmingPresentTransition.m in Sources */,
				900884291F2DD1B000A98556 /* DimmingListViewController.m in Sources */,
				90C0956D1F223F520006FA7D /* main.m in Sources */,
				9961F2531F457F44003D8EFC /* PresentationControllerViewController.m in Sources */,
				906DFFBE1F2DF5E7003C7775 /* DimmingPresentOverFullScreenDetailViewController.m in Sources */,
				9961F2561F457F74003D8EFC /* PresentationControllerDetailViewController.m in Sources */,
				9961F25C1F4581C6003D8EFC /* M7DimmingPresentationController.m in Sources */,
			);
			runOnlyForDeploymentPostprocessing = 0;
		};
/* End PBXSourcesBuildPhase section */

/* Begin PBXVariantGroup section */
		90C095741F223F520006FA7D /* Main.storyboard */ = {
			isa = PBXVariantGroup;
			children = (
				90C095751F223F520006FA7D /* Base */,
			);
			name = Main.storyboard;
			sourceTree = "<group>";
		};
		90C095791F223F520006FA7D /* LaunchScreen.storyboard */ = {
			isa = PBXVariantGroup;
			children = (
				90C0957A1F223F520006FA7D /* Base */,
			);
			name = LaunchScreen.storyboard;
			sourceTree = "<group>";
		};
/* End PBXVariantGroup section */

/* Begin XCBuildConfiguration section */
		90C0957D1F223F520006FA7D /* Debug */ = {
			isa = XCBuildConfiguration;
			buildSettings = {
				ALWAYS_SEARCH_USER_PATHS = NO;
				CLANG_ANALYZER_NONNULL = YES;
				CLANG_CXX_LANGUAGE_STANDARD = "gnu++0x";
				CLANG_CXX_LIBRARY = "libc++";
				CLANG_ENABLE_MODULES = YES;
				CLANG_ENABLE_OBJC_ARC = YES;
				CLANG_WARN_BOOL_CONVERSION = YES;
				CLANG_WARN_CONSTANT_CONVERSION = YES;
				CLANG_WARN_DIRECT_OBJC_ISA_USAGE = YES_ERROR;
				CLANG_WARN_DOCUMENTATION_COMMENTS = YES;
				CLANG_WARN_EMPTY_BODY = YES;
				CLANG_WARN_ENUM_CONVERSION = YES;
				CLANG_WARN_INFINITE_RECURSION = YES;
				CLANG_WARN_INT_CONVERSION = YES;
				CLANG_WARN_OBJC_ROOT_CLASS = YES_ERROR;
				CLANG_WARN_SUSPICIOUS_MOVES = YES;
				CLANG_WARN_UNREACHABLE_CODE = YES;
				CLANG_WARN__DUPLICATE_METHOD_MATCH = YES;
				"CODE_SIGN_IDENTITY[sdk=iphoneos*]" = "iPhone Developer";
				COPY_PHASE_STRIP = NO;
				DEBUG_INFORMATION_FORMAT = dwarf;
				ENABLE_STRICT_OBJC_MSGSEND = YES;
				ENABLE_TESTABILITY = YES;
				GCC_C_LANGUAGE_STANDARD = gnu99;
				GCC_DYNAMIC_NO_PIC = NO;
				GCC_NO_COMMON_BLOCKS = YES;
				GCC_OPTIMIZATION_LEVEL = 0;
				GCC_PREPROCESSOR_DEFINITIONS = (
					"DEBUG=1",
					"$(inherited)",
				);
				GCC_WARN_64_TO_32_BIT_CONVERSION = YES;
				GCC_WARN_ABOUT_RETURN_TYPE = YES_ERROR;
				GCC_WARN_UNDECLARED_SELECTOR = YES;
				GCC_WARN_UNINITIALIZED_AUTOS = YES_AGGRESSIVE;
				GCC_WARN_UNUSED_FUNCTION = YES;
				GCC_WARN_UNUSED_VARIABLE = YES;
				IPHONEOS_DEPLOYMENT_TARGET = 8.0;
				MTL_ENABLE_DEBUG_INFO = YES;
				ONLY_ACTIVE_ARCH = YES;
				SDKROOT = iphoneos;
				TARGETED_DEVICE_FAMILY = "1,2";
			};
			name = Debug;
		};
		90C0957E1F223F520006FA7D /* Release */ = {
			isa = XCBuildConfiguration;
			buildSettings = {
				ALWAYS_SEARCH_USER_PATHS = NO;
				CLANG_ANALYZER_NONNULL = YES;
				CLANG_CXX_LANGUAGE_STANDARD = "gnu++0x";
				CLANG_CXX_LIBRARY = "libc++";
				CLANG_ENABLE_MODULES = YES;
				CLANG_ENABLE_OBJC_ARC = YES;
				CLANG_WARN_BOOL_CONVERSION = YES;
				CLANG_WARN_CONSTANT_CONVERSION = YES;
				CLANG_WARN_DIRECT_OBJC_ISA_USAGE = YES_ERROR;
				CLANG_WARN_DOCUMENTATION_COMMENTS = YES;
				CLANG_WARN_EMPTY_BODY = YES;
				CLANG_WARN_ENUM_CONVERSION = YES;
				CLANG_WARN_INFINITE_RECURSION = YES;
				CLANG_WARN_INT_CONVERSION = YES;
				CLANG_WARN_OBJC_ROOT_CLASS = YES_ERROR;
				CLANG_WARN_SUSPICIOUS_MOVES = YES;
				CLANG_WARN_UNREACHABLE_CODE = YES;
				CLANG_WARN__DUPLICATE_METHOD_MATCH = YES;
				"CODE_SIGN_IDENTITY[sdk=iphoneos*]" = "iPhone Developer";
				COPY_PHASE_STRIP = NO;
				DEBUG_INFORMATION_FORMAT = "dwarf-with-dsym";
				ENABLE_NS_ASSERTIONS = NO;
				ENABLE_STRICT_OBJC_MSGSEND = YES;
				GCC_C_LANGUAGE_STANDARD = gnu99;
				GCC_NO_COMMON_BLOCKS = YES;
				GCC_WARN_64_TO_32_BIT_CONVERSION = YES;
				GCC_WARN_ABOUT_RETURN_TYPE = YES_ERROR;
				GCC_WARN_UNDECLARED_SELECTOR = YES;
				GCC_WARN_UNINITIALIZED_AUTOS = YES_AGGRESSIVE;
				GCC_WARN_UNUSED_FUNCTION = YES;
				GCC_WARN_UNUSED_VARIABLE = YES;
				IPHONEOS_DEPLOYMENT_TARGET = 8.0;
				MTL_ENABLE_DEBUG_INFO = NO;
				SDKROOT = iphoneos;
				TARGETED_DEVICE_FAMILY = "1,2";
				VALIDATE_PRODUCT = YES;
			};
			name = Release;
		};
		90C095801F223F520006FA7D /* Debug */ = {
			isa = XCBuildConfiguration;
			buildSettings = {
				ASSETCATALOG_COMPILER_APPICON_NAME = AppIcon;
				DEVELOPMENT_TEAM = LD9JLNUXTG;
				INFOPLIST_FILE = MHelloTransition/Info.plist;
				LD_RUNPATH_SEARCH_PATHS = "$(inherited) @executable_path/Frameworks";
				PRODUCT_BUNDLE_IDENTIFIER = chenms.m2.MHelloTransition;
				PRODUCT_NAME = "$(TARGET_NAME)";
			};
			name = Debug;
		};
		90C095811F223F520006FA7D /* Release */ = {
			isa = XCBuildConfiguration;
			buildSettings = {
				ASSETCATALOG_COMPILER_APPICON_NAME = AppIcon;
				DEVELOPMENT_TEAM = LD9JLNUXTG;
				INFOPLIST_FILE = MHelloTransition/Info.plist;
				LD_RUNPATH_SEARCH_PATHS = "$(inherited) @executable_path/Frameworks";
				PRODUCT_BUNDLE_IDENTIFIER = chenms.m2.MHelloTransition;
				PRODUCT_NAME = "$(TARGET_NAME)";
			};
			name = Release;
		};
/* End XCBuildConfiguration section */

/* Begin XCConfigurationList section */
		90C095631F223F520006FA7D /* Build configuration list for PBXProject "MHelloTransition" */ = {
			isa = XCConfigurationList;
			buildConfigurations = (
				90C0957D1F223F520006FA7D /* Debug */,
				90C0957E1F223F520006FA7D /* Release */,
			);
			defaultConfigurationIsVisible = 0;
			defaultConfigurationName = Release;
		};
		90C0957F1F223F520006FA7D /* Build configuration list for PBXNativeTarget "MHelloTransition" */ = {
			isa = XCConfigurationList;
			buildConfigurations = (
				90C095801F223F520006FA7D /* Debug */,
				90C095811F223F520006FA7D /* Release */,
			);
			defaultConfigurationIsVisible = 0;
			defaultConfigurationName = Release;
		};
/* End XCConfigurationList section */
	};
	rootObject = 90C095601F223F520006FA7D /* Project object */;
}
